
Microsoft Visual Studio Solution File, Format Version 12.00
# Visual Studio 15
VisualStudioVersion = 15.0.28010.2048
MinimumVisualStudioVersion = 10.0.40219.1
Project("{FAE04EC0-301F-11D3-BF4B-00C04F79EFBC}") = "ThrillRideTrackerCoreWebApp", "ThrillRideTrackerCoreWebApp\ThrillRideTrackerCoreWebApp.csproj", "{3CD0AEC9-EBED-4481-9953-B869DCBED0F8}"
EndProject
Global
	GlobalSection(SolutionConfigurationPlatforms) = preSolution
		Debug|Any CPU = Debug|Any CPU
		Release|Any CPU = Release|Any CPU
	EndGlobalSection
	GlobalSection(ProjectConfigurationPlatforms) = postSolution
		{3CD0AEC9-EBED-4481-9953-B869DCBED0F8}.Debug|Any CPU.ActiveCfg = Debug|Any CPU
		{3CD0AEC9-EBED-4481-9953-B869DCBED0F8}.Debug|Any CPU.Build.0 = Debug|Any CPU
		{3CD0AEC9-EBED-4481-9953-B869DCBED0F8}.Release|Any CPU.ActiveCfg = Release|Any CPU
		{3CD0AEC9-EBED-4481-9953-B869DCBED0F8}.Release|Any CPU.Build.0 = Release|Any CPU
	EndGlobalSection
	GlobalSection(SolutionProperties) = preSolution
		HideSolutionNode = FALSE
	EndGlobalSection
	GlobalSection(ExtensibilityGlobals) = postSolution
		SolutionGuid = {D44157A6-96D1-4D32-9847-D2F69728E936}
	EndGlobalSection
EndGlobal
